
Microsoft Visual Studio Solution File, Format Version 12.00
# Visual Studio Version 16
VisualStudioVersion = 16.0.29709.97
MinimumVisualStudioVersion = 10.0.40219.1
Project("{FAE04EC0-301F-11D3-BF4B-00C04F79EFBC}") = "AVeryBigSum", "AVeryBigSum\AVeryBigSum.csproj", "{1B71CAB0-DBC9-4C6D-80A6-0B109FC5D045}"
EndProject
Global
	GlobalSection(SolutionConfigurationPlatforms) = preSolution
		Debug|Any CPU = Debug|Any CPU
		Release|Any CPU = Release|Any CPU
	EndGlobalSection
	GlobalSection(ProjectConfigurationPlatforms) = postSolution
		{1B71CAB0-DBC9-4C6D-80A6-0B109FC5D045}.Debug|Any CPU.ActiveCfg = Debug|Any CPU
		{1B71CAB0-DBC9-4C6D-80A6-0B109FC5D045}.Debug|Any CPU.Build.0 = Debug|Any CPU
		{1B71CAB0-DBC9-4C6D-80A6-0B109FC5D045}.Release|Any CPU.ActiveCfg = Release|Any CPU
		{1B71CAB0-DBC9-4C6D-80A6-0B109FC5D045}.Release|Any CPU.Build.0 = Release|Any CPU
	EndGlobalSection
	GlobalSection(SolutionProperties) = preSolution
		HideSolutionNode = FALSE
	EndGlobalSection
	GlobalSection(ExtensibilityGlobals) = postSolution
		SolutionGuid = {1BADA613-124E-49E1-8B97-4ADBFA5F2DDA}
	EndGlobalSection
EndGlobal
