
Microsoft Visual Studio Solution File, Format Version 12.00
# Visual Studio Version 16
VisualStudioVersion = 16.0.29613.14
MinimumVisualStudioVersion = 10.0.40219.1
Project("{FAE04EC0-301F-11D3-BF4B-00C04F79EFBC}") = "EstruturaCondicionalExercicios", "EstruturaCondicionalExercicios\EstruturaCondicionalExercicios.csproj", "{6FCBBE3E-5C64-4E98-957B-C2AFDB298965}"
EndProject
Global
	GlobalSection(SolutionConfigurationPlatforms) = preSolution
		Debug|Any CPU = Debug|Any CPU
		Release|Any CPU = Release|Any CPU
	EndGlobalSection
	GlobalSection(ProjectConfigurationPlatforms) = postSolution
		{6FCBBE3E-5C64-4E98-957B-C2AFDB298965}.Debug|Any CPU.ActiveCfg = Debug|Any CPU
		{6FCBBE3E-5C64-4E98-957B-C2AFDB298965}.Debug|Any CPU.Build.0 = Debug|Any CPU
		{6FCBBE3E-5C64-4E98-957B-C2AFDB298965}.Release|Any CPU.ActiveCfg = Release|Any CPU
		{6FCBBE3E-5C64-4E98-957B-C2AFDB298965}.Release|Any CPU.Build.0 = Release|Any CPU
	EndGlobalSection
	GlobalSection(SolutionProperties) = preSolution
		HideSolutionNode = FALSE
	EndGlobalSection
	GlobalSection(ExtensibilityGlobals) = postSolution
		SolutionGuid = {F7A4CE75-D1D4-4559-9BCD-21384337870A}
	EndGlobalSection
EndGlobal
