
Microsoft Visual Studio Solution File, Format Version 12.00
# Visual Studio Version 16
VisualStudioVersion = 16.0.29709.97
MinimumVisualStudioVersion = 10.0.40219.1
Project("{FAE04EC0-301F-11D3-BF4B-00C04F79EFBC}") = "SimpleaArraySum", "SimpleaArraySum\SimpleaArraySum.csproj", "{996FE666-75F8-4082-B35F-12A762A03F0A}"
EndProject
Global
	GlobalSection(SolutionConfigurationPlatforms) = preSolution
		Debug|Any CPU = Debug|Any CPU
		Release|Any CPU = Release|Any CPU
	EndGlobalSection
	GlobalSection(ProjectConfigurationPlatforms) = postSolution
		{996FE666-75F8-4082-B35F-12A762A03F0A}.Debug|Any CPU.ActiveCfg = Debug|Any CPU
		{996FE666-75F8-4082-B35F-12A762A03F0A}.Debug|Any CPU.Build.0 = Debug|Any CPU
		{996FE666-75F8-4082-B35F-12A762A03F0A}.Release|Any CPU.ActiveCfg = Release|Any CPU
		{996FE666-75F8-4082-B35F-12A762A03F0A}.Release|Any CPU.Build.0 = Release|Any CPU
	EndGlobalSection
	GlobalSection(SolutionProperties) = preSolution
		HideSolutionNode = FALSE
	EndGlobalSection
	GlobalSection(ExtensibilityGlobals) = postSolution
		SolutionGuid = {6C2969AE-6B88-4A76-826F-A265198BDBA9}
	EndGlobalSection
EndGlobal
