
Microsoft Visual Studio Solution File, Format Version 12.00
# Visual Studio Version 16
VisualStudioVersion = 16.0.29709.97
MinimumVisualStudioVersion = 10.0.40219.1
Project("{9A19103F-16F7-4668-BE54-9A1E7A4F7556}") = "Course", "Course\Course.csproj", "{FABAAC89-AD0F-4A4E-B92C-7731CDCDBD0F}"
EndProject
Project("{FAE04EC0-301F-11D3-BF4B-00C04F79EFBC}") = "SwitchCase", "SwitchCase\SwitchCase.csproj", "{6F47F130-49D6-4969-BA78-A371F73CB39A}"
EndProject
Global
	GlobalSection(SolutionConfigurationPlatforms) = preSolution
		Debug|Any CPU = Debug|Any CPU
		Release|Any CPU = Release|Any CPU
	EndGlobalSection
	GlobalSection(ProjectConfigurationPlatforms) = postSolution
		{FABAAC89-AD0F-4A4E-B92C-7731CDCDBD0F}.Debug|Any CPU.ActiveCfg = Debug|Any CPU
		{FABAAC89-AD0F-4A4E-B92C-7731CDCDBD0F}.Debug|Any CPU.Build.0 = Debug|Any CPU
		{FABAAC89-AD0F-4A4E-B92C-7731CDCDBD0F}.Release|Any CPU.ActiveCfg = Release|Any CPU
		{FABAAC89-AD0F-4A4E-B92C-7731CDCDBD0F}.Release|Any CPU.Build.0 = Release|Any CPU
		{6F47F130-49D6-4969-BA78-A371F73CB39A}.Debug|Any CPU.ActiveCfg = Debug|Any CPU
		{6F47F130-49D6-4969-BA78-A371F73CB39A}.Debug|Any CPU.Build.0 = Debug|Any CPU
		{6F47F130-49D6-4969-BA78-A371F73CB39A}.Release|Any CPU.ActiveCfg = Release|Any CPU
		{6F47F130-49D6-4969-BA78-A371F73CB39A}.Release|Any CPU.Build.0 = Release|Any CPU
	EndGlobalSection
	GlobalSection(SolutionProperties) = preSolution
		HideSolutionNode = FALSE
	EndGlobalSection
	GlobalSection(ExtensibilityGlobals) = postSolution
		SolutionGuid = {8CE16350-1399-4822-A227-B4C5E4B1E85E}
	EndGlobalSection
EndGlobal
