
Microsoft Visual Studio Solution File, Format Version 12.00
# Visual Studio Version 16
VisualStudioVersion = 16.0.29613.14
MinimumVisualStudioVersion = 10.0.40219.1
Project("{FAE04EC0-301F-11D3-BF4B-00C04F79EFBC}") = "EstruturaRepetitivaExercicios", "EstruturaRepetitivaExercicios\EstruturaRepetitivaExercicios.csproj", "{1821879F-552E-4C13-B6CF-89E6FF7FAEB4}"
EndProject
Global
	GlobalSection(SolutionConfigurationPlatforms) = preSolution
		Debug|Any CPU = Debug|Any CPU
		Release|Any CPU = Release|Any CPU
	EndGlobalSection
	GlobalSection(ProjectConfigurationPlatforms) = postSolution
		{1821879F-552E-4C13-B6CF-89E6FF7FAEB4}.Debug|Any CPU.ActiveCfg = Debug|Any CPU
		{1821879F-552E-4C13-B6CF-89E6FF7FAEB4}.Debug|Any CPU.Build.0 = Debug|Any CPU
		{1821879F-552E-4C13-B6CF-89E6FF7FAEB4}.Release|Any CPU.ActiveCfg = Release|Any CPU
		{1821879F-552E-4C13-B6CF-89E6FF7FAEB4}.Release|Any CPU.Build.0 = Release|Any CPU
	EndGlobalSection
	GlobalSection(SolutionProperties) = preSolution
		HideSolutionNode = FALSE
	EndGlobalSection
	GlobalSection(ExtensibilityGlobals) = postSolution
		SolutionGuid = {848313D3-77CD-48CD-8F88-EE9B53C5BFFD}
	EndGlobalSection
EndGlobal
