
Microsoft Visual Studio Solution File, Format Version 12.00
# Visual Studio Version 16
VisualStudioVersion = 16.0.29728.190
MinimumVisualStudioVersion = 10.0.40219.1
Project("{FAE04EC0-301F-11D3-BF4B-00C04F79EFBC}") = "Matrizes", "Matrizes\Matrizes.csproj", "{A9C2C2AD-0961-4C42-956E-75476047E7AE}"
EndProject
Global
	GlobalSection(SolutionConfigurationPlatforms) = preSolution
		Debug|Any CPU = Debug|Any CPU
		Release|Any CPU = Release|Any CPU
	EndGlobalSection
	GlobalSection(ProjectConfigurationPlatforms) = postSolution
		{A9C2C2AD-0961-4C42-956E-75476047E7AE}.Debug|Any CPU.ActiveCfg = Debug|Any CPU
		{A9C2C2AD-0961-4C42-956E-75476047E7AE}.Debug|Any CPU.Build.0 = Debug|Any CPU
		{A9C2C2AD-0961-4C42-956E-75476047E7AE}.Release|Any CPU.ActiveCfg = Release|Any CPU
		{A9C2C2AD-0961-4C42-956E-75476047E7AE}.Release|Any CPU.Build.0 = Release|Any CPU
	EndGlobalSection
	GlobalSection(SolutionProperties) = preSolution
		HideSolutionNode = FALSE
	EndGlobalSection
	GlobalSection(ExtensibilityGlobals) = postSolution
		SolutionGuid = {FA5D1E45-8D22-4B84-A04A-454472AF1BCF}
	EndGlobalSection
EndGlobal
